{
  "nodes": {
    "nixpkgs": {
      "locked": {
        "lastModified": 1753339165,
        "narHash": "sha256-vAL1wj0wldzT8dok+2geZqF9NG1WhMlkRFi+UibbJtA=",
        "owner": "NixOS",
        "repo": "nixpkgs",
        "rev": "a816d8abf391aee05cf0f1212d649f8c17a88e94",
        "type": "github"
      },
      "original": {
        "owner": "NixOS",
        "repo": "nixpkgs",
        "type": "github"
      }
    },
    "root": {
      "inputs": {
        "nixpkgs": "nixpkgs"
      }
    }
  },
  "root": "root",
  "version": 7
}
